
Microsoft Visual Studio Solution File, Format Version 11.00
# Visual Studio 2010
Project("{FAE04EC0-301F-11D3-BF4B-00C04F79EFBC}") = "Assembly-CSharp", "Assembly-CSharp.csproj", "{C2D4E69A-B918-FEA5-5402-0E716D8EDDEE}"
EndProject
Project("{FAE04EC0-301F-11D3-BF4B-00C04F79EFBC}") = "PhotonUnityNetworking.Utilities", "PhotonUnityNetworking.Utilities.csproj", "{3C1B5F0A-6D8A-A66F-7AB6-A84B6AA4C92E}"
EndProject
Project("{FAE04EC0-301F-11D3-BF4B-00C04F79EFBC}") = "PhotonChat", "PhotonChat.csproj", "{5567B853-D894-084B-AC6E-BBD5923832C9}"
EndProject
Project("{FAE04EC0-301F-11D3-BF4B-00C04F79EFBC}") = "PhotonUnityNetworking", "PhotonUnityNetworking.csproj", "{99CAD4D4-83AB-E487-E1EA-93461BAA0AAC}"
EndProject
Project("{FAE04EC0-301F-11D3-BF4B-00C04F79EFBC}") = "PhotonRealtime", "PhotonRealtime.csproj", "{E2F0E94E-AAB1-6009-6692-2741EF6514BD}"
EndProject
Project("{FAE04EC0-301F-11D3-BF4B-00C04F79EFBC}") = "PhotonWebSocket", "PhotonWebSocket.csproj", "{DB1DD3BB-E309-DAED-7152-5034A00C3112}"
EndProject
Project("{FAE04EC0-301F-11D3-BF4B-00C04F79EFBC}") = "Assembly-CSharp-Editor", "Assembly-CSharp-Editor.csproj", "{96CFAC19-02AF-7E17-C166-820755123AA6}"
EndProject
Project("{FAE04EC0-301F-11D3-BF4B-00C04F79EFBC}") = "PhotonUnityNetworking.Editor", "PhotonUnityNetworking.Editor.csproj", "{3B7FE0DC-124A-CCDF-7F94-2A2A6EFB2A41}"
EndProject
Project("{FAE04EC0-301F-11D3-BF4B-00C04F79EFBC}") = "PhotonUnityNetworking.Utilities.PhotonPlayer.Editor", "PhotonUnityNetworking.Utilities.PhotonPlayer.Editor.csproj", "{B919579E-D711-63DF-7EA7-8ECD5C6D47C8}"
EndProject
Project("{FAE04EC0-301F-11D3-BF4B-00C04F79EFBC}") = "PhotonUnityNetworking.Utilities.Culling.Editor", "PhotonUnityNetworking.Utilities.Culling.Editor.csproj", "{FC6A85AF-1737-0847-0A4E-384900246A00}"
EndProject
Global
	GlobalSection(SolutionConfigurationPlatforms) = preSolution
		Debug|Any CPU = Debug|Any CPU
		Release|Any CPU = Release|Any CPU
	EndGlobalSection
	GlobalSection(ProjectConfigurationPlatforms) = postSolution
		{C2D4E69A-B918-FEA5-5402-0E716D8EDDEE}.Debug|Any CPU.ActiveCfg = Debug|Any CPU
		{C2D4E69A-B918-FEA5-5402-0E716D8EDDEE}.Debug|Any CPU.Build.0 = Debug|Any CPU
		{C2D4E69A-B918-FEA5-5402-0E716D8EDDEE}.Release|Any CPU.ActiveCfg = Release|Any CPU
		{C2D4E69A-B918-FEA5-5402-0E716D8EDDEE}.Release|Any CPU.Build.0 = Release|Any CPU
		{3C1B5F0A-6D8A-A66F-7AB6-A84B6AA4C92E}.Debug|Any CPU.ActiveCfg = Debug|Any CPU
		{3C1B5F0A-6D8A-A66F-7AB6-A84B6AA4C92E}.Debug|Any CPU.Build.0 = Debug|Any CPU
		{3C1B5F0A-6D8A-A66F-7AB6-A84B6AA4C92E}.Release|Any CPU.ActiveCfg = Release|Any CPU
		{3C1B5F0A-6D8A-A66F-7AB6-A84B6AA4C92E}.Release|Any CPU.Build.0 = Release|Any CPU
		{5567B853-D894-084B-AC6E-BBD5923832C9}.Debug|Any CPU.ActiveCfg = Debug|Any CPU
		{5567B853-D894-084B-AC6E-BBD5923832C9}.Debug|Any CPU.Build.0 = Debug|Any CPU
		{5567B853-D894-084B-AC6E-BBD5923832C9}.Release|Any CPU.ActiveCfg = Release|Any CPU
		{5567B853-D894-084B-AC6E-BBD5923832C9}.Release|Any CPU.Build.0 = Release|Any CPU
		{99CAD4D4-83AB-E487-E1EA-93461BAA0AAC}.Debug|Any CPU.ActiveCfg = Debug|Any CPU
		{99CAD4D4-83AB-E487-E1EA-93461BAA0AAC}.Debug|Any CPU.Build.0 = Debug|Any CPU
		{99CAD4D4-83AB-E487-E1EA-93461BAA0AAC}.Release|Any CPU.ActiveCfg = Release|Any CPU
		{99CAD4D4-83AB-E487-E1EA-93461BAA0AAC}.Release|Any CPU.Build.0 = Release|Any CPU
		{E2F0E94E-AAB1-6009-6692-2741EF6514BD}.Debug|Any CPU.ActiveCfg = Debug|Any CPU
		{E2F0E94E-AAB1-6009-6692-2741EF6514BD}.Debug|Any CPU.Build.0 = Debug|Any CPU
		{E2F0E94E-AAB1-6009-6692-2741EF6514BD}.Release|Any CPU.ActiveCfg = Release|Any CPU
		{E2F0E94E-AAB1-6009-6692-2741EF6514BD}.Release|Any CPU.Build.0 = Release|Any CPU
		{DB1DD3BB-E309-DAED-7152-5034A00C3112}.Debug|Any CPU.ActiveCfg = Debug|Any CPU
		{DB1DD3BB-E309-DAED-7152-5034A00C3112}.Debug|Any CPU.Build.0 = Debug|Any CPU
		{DB1DD3BB-E309-DAED-7152-5034A00C3112}.Release|Any CPU.ActiveCfg = Release|Any CPU
		{DB1DD3BB-E309-DAED-7152-5034A00C3112}.Release|Any CPU.Build.0 = Release|Any CPU
		{96CFAC19-02AF-7E17-C166-820755123AA6}.Debug|Any CPU.ActiveCfg = Debug|Any CPU
		{96CFAC19-02AF-7E17-C166-820755123AA6}.Debug|Any CPU.Build.0 = Debug|Any CPU
		{96CFAC19-02AF-7E17-C166-820755123AA6}.Release|Any CPU.ActiveCfg = Release|Any CPU
		{96CFAC19-02AF-7E17-C166-820755123AA6}.Release|Any CPU.Build.0 = Release|Any CPU
		{3B7FE0DC-124A-CCDF-7F94-2A2A6EFB2A41}.Debug|Any CPU.ActiveCfg = Debug|Any CPU
		{3B7FE0DC-124A-CCDF-7F94-2A2A6EFB2A41}.Debug|Any CPU.Build.0 = Debug|Any CPU
		{3B7FE0DC-124A-CCDF-7F94-2A2A6EFB2A41}.Release|Any CPU.ActiveCfg = Release|Any CPU
		{3B7FE0DC-124A-CCDF-7F94-2A2A6EFB2A41}.Release|Any CPU.Build.0 = Release|Any CPU
		{B919579E-D711-63DF-7EA7-8ECD5C6D47C8}.Debug|Any CPU.ActiveCfg = Debug|Any CPU
		{B919579E-D711-63DF-7EA7-8ECD5C6D47C8}.Debug|Any CPU.Build.0 = Debug|Any CPU
		{B919579E-D711-63DF-7EA7-8ECD5C6D47C8}.Release|Any CPU.ActiveCfg = Release|Any CPU
		{B919579E-D711-63DF-7EA7-8ECD5C6D47C8}.Release|Any CPU.Build.0 = Release|Any CPU
		{FC6A85AF-1737-0847-0A4E-384900246A00}.Debug|Any CPU.ActiveCfg = Debug|Any CPU
		{FC6A85AF-1737-0847-0A4E-384900246A00}.Debug|Any CPU.Build.0 = Debug|Any CPU
		{FC6A85AF-1737-0847-0A4E-384900246A00}.Release|Any CPU.ActiveCfg = Release|Any CPU
		{FC6A85AF-1737-0847-0A4E-384900246A00}.Release|Any CPU.Build.0 = Release|Any CPU
	EndGlobalSection
	GlobalSection(SolutionProperties) = preSolution
		HideSolutionNode = FALSE
	EndGlobalSection
EndGlobal
